PODS:
  - GlobalButtonSwift (0.1.1)

DEPENDENCIES:
  - GlobalButtonSwift (from `../`)

EXTERNAL SOURCES:
  GlobalButtonSwift:
    :path: "../"

SPEC CHECKSUMS:
  GlobalButtonSwift: a8fdc2d8cd0a2827f3f067b6ec72d79355552ab5

PODFILE CHECKSUM: 5f469641935385b3f4f802b6d3cca72d075c79f1

COCOAPODS: 1.11.2
