PODS:
  - GlobalButtonSwift (0.1.1)

DEPENDENCIES:
  - GlobalButtonSwift (from `../`)

EXTERNAL SOURCES:
  GlobalButtonSwift:
    :path: "../"

SPEC CHECKSUMS:
  GlobalButtonSwift: 1a4adef0cfa901555a7614b9e22f725282c61dd5

PODFILE CHECKSUM: 6e22eaee718369414b5f8bbb48be5fc324654986

COCOAPODS: 1.11.2
